
Microsoft Visual Studio Solution File, Format Version 12.00
# Visual Studio 15
VisualStudioVersion = 15.0.26430.6
MinimumVisualStudioVersion = 10.0.40219.1
Project("{FAE04EC0-301F-11D3-BF4B-00C04F79EFBC}") = "MDAN.Fansub.News", "MDAN Fansub News\MDAN.Fansub.News.csproj", "{1F4BF379-FD53-42A9-9E27-6DB279A11E3A}"
EndProject
Project("{FAE04EC0-301F-11D3-BF4B-00C04F79EFBC}") = "MDAN.Base", "MDAN App Base\MDAN.Base.csproj", "{539A8197-DEF3-4C92-BDA2-FB92EAA4F85C}"
EndProject
Project("{FAE04EC0-301F-11D3-BF4B-00C04F79EFBC}") = "Mdan.Background", "Mdan.Background\Mdan.Background.csproj", "{1BB347F6-1FD6-400D-BF9F-4E20A4459ADE}"
EndProject
Project("{FAE04EC0-301F-11D3-BF4B-00C04F79EFBC}") = "Mdan.Fansub.UnitTests", "Mdan.Fansub.UnitTests\Mdan.Fansub.UnitTests.csproj", "{5B4EABE9-98E5-4BF8-8DB8-2E3DD16E3C5D}"
EndProject
Global
	GlobalSection(SolutionConfigurationPlatforms) = preSolution
		Debug|Any CPU = Debug|Any CPU
		Debug|ARM = Debug|ARM
		Debug|x64 = Debug|x64
		Debug|x86 = Debug|x86
		Release|Any CPU = Release|Any CPU
		Release|ARM = Release|ARM
		Release|x64 = Release|x64
		Release|x86 = Release|x86
	EndGlobalSection
	GlobalSection(ProjectConfigurationPlatforms) = postSolution
		{1F4BF379-FD53-42A9-9E27-6DB279A11E3A}.Debug|Any CPU.ActiveCfg = Debug|x86
		{1F4BF379-FD53-42A9-9E27-6DB279A11E3A}.Debug|Any CPU.Build.0 = Debug|x86
		{1F4BF379-FD53-42A9-9E27-6DB279A11E3A}.Debug|Any CPU.Deploy.0 = Debug|x86
		{1F4BF379-FD53-42A9-9E27-6DB279A11E3A}.Debug|ARM.ActiveCfg = Debug|ARM
		{1F4BF379-FD53-42A9-9E27-6DB279A11E3A}.Debug|ARM.Build.0 = Debug|ARM
		{1F4BF379-FD53-42A9-9E27-6DB279A11E3A}.Debug|ARM.Deploy.0 = Debug|ARM
		{1F4BF379-FD53-42A9-9E27-6DB279A11E3A}.Debug|x64.ActiveCfg = Debug|x64
		{1F4BF379-FD53-42A9-9E27-6DB279A11E3A}.Debug|x64.Build.0 = Debug|x64
		{1F4BF379-FD53-42A9-9E27-6DB279A11E3A}.Debug|x64.Deploy.0 = Debug|x64
		{1F4BF379-FD53-42A9-9E27-6DB279A11E3A}.Debug|x86.ActiveCfg = Debug|x86
		{1F4BF379-FD53-42A9-9E27-6DB279A11E3A}.Debug|x86.Build.0 = Debug|x86
		{1F4BF379-FD53-42A9-9E27-6DB279A11E3A}.Debug|x86.Deploy.0 = Debug|x86
		{1F4BF379-FD53-42A9-9E27-6DB279A11E3A}.Release|Any CPU.ActiveCfg = Release|x86
		{1F4BF379-FD53-42A9-9E27-6DB279A11E3A}.Release|ARM.ActiveCfg = Release|ARM
		{1F4BF379-FD53-42A9-9E27-6DB279A11E3A}.Release|ARM.Build.0 = Release|ARM
		{1F4BF379-FD53-42A9-9E27-6DB279A11E3A}.Release|ARM.Deploy.0 = Release|ARM
		{1F4BF379-FD53-42A9-9E27-6DB279A11E3A}.Release|x64.ActiveCfg = Release|x64
		{1F4BF379-FD53-42A9-9E27-6DB279A11E3A}.Release|x64.Build.0 = Release|x64
		{1F4BF379-FD53-42A9-9E27-6DB279A11E3A}.Release|x64.Deploy.0 = Release|x64
		{1F4BF379-FD53-42A9-9E27-6DB279A11E3A}.Release|x86.ActiveCfg = Release|x86
		{1F4BF379-FD53-42A9-9E27-6DB279A11E3A}.Release|x86.Build.0 = Release|x86
		{1F4BF379-FD53-42A9-9E27-6DB279A11E3A}.Release|x86.Deploy.0 = Release|x86
		{539A8197-DEF3-4C92-BDA2-FB92EAA4F85C}.Debug|Any CPU.ActiveCfg = Debug|Any CPU
		{539A8197-DEF3-4C92-BDA2-FB92EAA4F85C}.Debug|Any CPU.Build.0 = Debug|Any CPU
		{539A8197-DEF3-4C92-BDA2-FB92EAA4F85C}.Debug|ARM.ActiveCfg = Debug|Any CPU
		{539A8197-DEF3-4C92-BDA2-FB92EAA4F85C}.Debug|ARM.Build.0 = Debug|Any CPU
		{539A8197-DEF3-4C92-BDA2-FB92EAA4F85C}.Debug|x64.ActiveCfg = Debug|Any CPU
		{539A8197-DEF3-4C92-BDA2-FB92EAA4F85C}.Debug|x64.Build.0 = Debug|Any CPU
		{539A8197-DEF3-4C92-BDA2-FB92EAA4F85C}.Debug|x86.ActiveCfg = Debug|Any CPU
		{539A8197-DEF3-4C92-BDA2-FB92EAA4F85C}.Debug|x86.Build.0 = Debug|Any CPU
		{539A8197-DEF3-4C92-BDA2-FB92EAA4F85C}.Release|Any CPU.ActiveCfg = Release|Any CPU
		{539A8197-DEF3-4C92-BDA2-FB92EAA4F85C}.Release|Any CPU.Build.0 = Release|Any CPU
		{539A8197-DEF3-4C92-BDA2-FB92EAA4F85C}.Release|ARM.ActiveCfg = Release|Any CPU
		{539A8197-DEF3-4C92-BDA2-FB92EAA4F85C}.Release|ARM.Build.0 = Release|Any CPU
		{539A8197-DEF3-4C92-BDA2-FB92EAA4F85C}.Release|x64.ActiveCfg = Release|Any CPU
		{539A8197-DEF3-4C92-BDA2-FB92EAA4F85C}.Release|x64.Build.0 = Release|Any CPU
		{539A8197-DEF3-4C92-BDA2-FB92EAA4F85C}.Release|x86.ActiveCfg = Release|Any CPU
		{539A8197-DEF3-4C92-BDA2-FB92EAA4F85C}.Release|x86.Build.0 = Release|Any CPU
		{1BB347F6-1FD6-400D-BF9F-4E20A4459ADE}.Debug|Any CPU.ActiveCfg = Debug|Any CPU
		{1BB347F6-1FD6-400D-BF9F-4E20A4459ADE}.Debug|Any CPU.Build.0 = Debug|Any CPU
		{1BB347F6-1FD6-400D-BF9F-4E20A4459ADE}.Debug|ARM.ActiveCfg = Debug|ARM
		{1BB347F6-1FD6-400D-BF9F-4E20A4459ADE}.Debug|ARM.Build.0 = Debug|ARM
		{1BB347F6-1FD6-400D-BF9F-4E20A4459ADE}.Debug|x64.ActiveCfg = Debug|x64
		{1BB347F6-1FD6-400D-BF9F-4E20A4459ADE}.Debug|x64.Build.0 = Debug|x64
		{1BB347F6-1FD6-400D-BF9F-4E20A4459ADE}.Debug|x86.ActiveCfg = Debug|x86
		{1BB347F6-1FD6-400D-BF9F-4E20A4459ADE}.Debug|x86.Build.0 = Debug|x86
		{1BB347F6-1FD6-400D-BF9F-4E20A4459ADE}.Release|Any CPU.ActiveCfg = Release|Any CPU
		{1BB347F6-1FD6-400D-BF9F-4E20A4459ADE}.Release|Any CPU.Build.0 = Release|Any CPU
		{1BB347F6-1FD6-400D-BF9F-4E20A4459ADE}.Release|ARM.ActiveCfg = Release|ARM
		{1BB347F6-1FD6-400D-BF9F-4E20A4459ADE}.Release|ARM.Build.0 = Release|ARM
		{1BB347F6-1FD6-400D-BF9F-4E20A4459ADE}.Release|x64.ActiveCfg = Release|x64
		{1BB347F6-1FD6-400D-BF9F-4E20A4459ADE}.Release|x64.Build.0 = Release|x64
		{1BB347F6-1FD6-400D-BF9F-4E20A4459ADE}.Release|x86.ActiveCfg = Release|x86
		{1BB347F6-1FD6-400D-BF9F-4E20A4459ADE}.Release|x86.Build.0 = Release|x86
		{5B4EABE9-98E5-4BF8-8DB8-2E3DD16E3C5D}.Debug|Any CPU.ActiveCfg = Debug|Any CPU
		{5B4EABE9-98E5-4BF8-8DB8-2E3DD16E3C5D}.Debug|Any CPU.Build.0 = Debug|Any CPU
		{5B4EABE9-98E5-4BF8-8DB8-2E3DD16E3C5D}.Debug|ARM.ActiveCfg = Debug|Any CPU
		{5B4EABE9-98E5-4BF8-8DB8-2E3DD16E3C5D}.Debug|ARM.Build.0 = Debug|Any CPU
		{5B4EABE9-98E5-4BF8-8DB8-2E3DD16E3C5D}.Debug|x64.ActiveCfg = Debug|Any CPU
		{5B4EABE9-98E5-4BF8-8DB8-2E3DD16E3C5D}.Debug|x64.Build.0 = Debug|Any CPU
		{5B4EABE9-98E5-4BF8-8DB8-2E3DD16E3C5D}.Debug|x86.ActiveCfg = Debug|Any CPU
		{5B4EABE9-98E5-4BF8-8DB8-2E3DD16E3C5D}.Debug|x86.Build.0 = Debug|Any CPU
		{5B4EABE9-98E5-4BF8-8DB8-2E3DD16E3C5D}.Release|Any CPU.ActiveCfg = Release|Any CPU
		{5B4EABE9-98E5-4BF8-8DB8-2E3DD16E3C5D}.Release|Any CPU.Build.0 = Release|Any CPU
		{5B4EABE9-98E5-4BF8-8DB8-2E3DD16E3C5D}.Release|ARM.ActiveCfg = Release|Any CPU
		{5B4EABE9-98E5-4BF8-8DB8-2E3DD16E3C5D}.Release|ARM.Build.0 = Release|Any CPU
		{5B4EABE9-98E5-4BF8-8DB8-2E3DD16E3C5D}.Release|x64.ActiveCfg = Release|Any CPU
		{5B4EABE9-98E5-4BF8-8DB8-2E3DD16E3C5D}.Release|x64.Build.0 = Release|Any CPU
		{5B4EABE9-98E5-4BF8-8DB8-2E3DD16E3C5D}.Release|x86.ActiveCfg = Release|Any CPU
		{5B4EABE9-98E5-4BF8-8DB8-2E3DD16E3C5D}.Release|x86.Build.0 = Release|Any CPU
	EndGlobalSection
	GlobalSection(SolutionProperties) = preSolution
		HideSolutionNode = FALSE
	EndGlobalSection
	GlobalSection(ExtensibilityGlobals) = postSolution
		SolutionGuid = {2473EA11-39C8-4EAB-98A8-8B9F4880D815}
	EndGlobalSection
EndGlobal
